{
    "_readme": [
        "This file locks the dependencies of your project to a known state",
        "Read more about it at https://getcomposer.org/doc/01-basic-usage.md#composer-lock-the-lock-file",
        "This file is @generated automatically"
    ],
    "content-hash": "b89fb8657e8531895d6e753b198d0060",
    "packages": [
        {
            "name": "pfbc/pfbc",
            "version": "3.1",
            "source": {
                "type": "git",
                "url": "https://github.com/lkorth/php-form-builder-class.git",
                "reference": "e1f9c25b71ee82c60a62a61de63a5926f9d8fc17"
            },
            "dist": {
                "type": "zip",
                "url": "https://api.github.com/repos/lkorth/php-form-builder-class/zipball/e1f9c25b71ee82c60a62a61de63a5926f9d8fc17",
                "reference": "e1f9c25b71ee82c60a62a61de63a5926f9d8fc17",
                "shasum": ""
            },
            "require": {
                "php": ">=5.3.0"
            },
            "type": "library",
            "autoload": {
                "psr-0": {
                    "PFBC": "."
                }
            },
            "notification-url": "https://packagist.org/downloads/",
            "license": [
                "GNU GPL v3"
            ],
            "authors": [
                {
                    "email": "ajporterfield@gmail.com",
                    "role": "Owner"
                },
                {
                    "email": "moncojhr@gmail.com",
                    "role": "Committer"
                }
            ],
            "description": "Rapid form bulding in PHP",
            "homepage": "http://code.google.com/p/php-form-builder-class/",
            "keywords": [
                "form",
                "html",
                "php"
            ],
            "time": "2014-03-14T04:14:24+00:00"
        },
        {
            "name": "smarty/smarty",
            "version": "dev-master",
            "source": {
                "type": "git",
                "url": "https://github.com/smarty-php/smarty.git",
                "reference": "c7d42e4a327c402897dd587871434888fde1e7a9"
            },
            "dist": {
                "type": "zip",
                "url": "https://api.github.com/repos/smarty-php/smarty/zipball/c7d42e4a327c402897dd587871434888fde1e7a9",
                "reference": "c7d42e4a327c402897dd587871434888fde1e7a9",
                "shasum": ""
            },
            "require": {
                "php": ">=5.2"
            },
            "type": "library",
            "extra": {
                "branch-alias": {
                    "dev-master": "3.1.x-dev"
                }
            },
            "autoload": {
                "files": [
                    "libs/bootstrap.php"
                ]
            },
            "notification-url": "https://packagist.org/downloads/",
            "license": [
                "LGPL-3.0"
            ],
            "authors": [
                {
                    "name": "Monte Ohrt",
                    "email": "monte@ohrt.com"
                },
                {
                    "name": "Uwe Tews",
                    "email": "uwe.tews@googlemail.com"
                },
                {
                    "name": "Rodney Rehm",
                    "email": "rodney.rehm@medialize.de"
                }
            ],
            "description": "Smarty - the compiling PHP template engine",
            "homepage": "http://www.smarty.net",
            "keywords": [
                "templating"
            ],
            "time": "2016-12-14T21:57:25+00:00"
        }
    ],
    "packages-dev": [],
    "aliases": [],
    "minimum-stability": "stable",
    "stability-flags": {
        "smarty/smarty": 20
    },
    "prefer-stable": false,
    "prefer-lowest": false,
    "platform": [],
    "platform-dev": []
}
